<Project xmlns="http://schemas.microsoft.com/developer/msbuild/2003">
    <PropertyGroup>
        <ProjectGuid>{39ABE787-3E7A-447F-991E-C089C9C6F128}</ProjectGuid>
        <MainSource>Mandelbulb3D.dpr</MainSource>
        <Base>True</Base>
        <Config Condition="'$(Config)'==''">Release</Config>
        <TargetedPlatforms>1</TargetedPlatforms>
        <AppType>Application</AppType>
        <FrameworkType>VCL</FrameworkType>
        <ProjectVersion>15.4</ProjectVersion>
        <Platform Condition="'$(Platform)'==''">Win32</Platform>
    </PropertyGroup>
    <PropertyGroup Condition="'$(Config)'=='Base' or '$(Base)'!=''">
        <Base>true</Base>
    </PropertyGroup>
    <PropertyGroup Condition="('$(Platform)'=='Win32' and '$(Base)'=='true') or '$(Base_Win32)'!=''">
        <Base_Win32>true</Base_Win32>
        <CfgParent>Base</CfgParent>
        <Base>true</Base>
    </PropertyGroup>
    <PropertyGroup Condition="'$(Config)'=='Release' or '$(Cfg_1)'!=''">
        <Cfg_1>true</Cfg_1>
        <CfgParent>Base</CfgParent>
        <Base>true</Base>
    </PropertyGroup>
    <PropertyGroup Condition="('$(Platform)'=='Win32' and '$(Cfg_1)'=='true') or '$(Cfg_1_Win32)'!=''">
        <Cfg_1_Win32>true</Cfg_1_Win32>
        <CfgParent>Cfg_1</CfgParent>
        <Cfg_1>true</Cfg_1>
        <Base>true</Base>
    </PropertyGroup>
    <PropertyGroup Condition="'$(Config)'=='Debug' or '$(Cfg_2)'!=''">
        <Cfg_2>true</Cfg_2>
        <CfgParent>Base</CfgParent>
        <Base>true</Base>
    </PropertyGroup>
    <PropertyGroup Condition="('$(Platform)'=='Win32' and '$(Cfg_2)'=='true') or '$(Cfg_2_Win32)'!=''">
        <Cfg_2_Win32>true</Cfg_2_Win32>
        <CfgParent>Cfg_2</CfgParent>
        <Cfg_2>true</Cfg_2>
        <Base>true</Base>
    </PropertyGroup>
    <PropertyGroup Condition="'$(Base)'!=''">
        <VCL_Custom_Styles>Amakrits|VCLSTYLE|$(PUBLIC)\Documents\Embarcadero\Studio\14.0\Styles\Amakrits.vsf;&quot;Amethyst Kamri|VCLSTYLE|$(PUBLIC)\Documents\Embarcadero\Studio\14.0\Styles\AmethystKamri.vsf&quot;;&quot;Aqua Graphite|VCLSTYLE|$(PUBLIC)\Documents\Embarcadero\Studio\14.0\Styles\AquaGraphite.vsf&quot;;&quot;Aqua Light Slate|VCLSTYLE|$(PUBLIC)\Documents\Embarcadero\Studio\14.0\Styles\AquaLightSlate.vsf&quot;;Auric|VCLSTYLE|$(PUBLIC)\Documents\Embarcadero\Studio\14.0\Styles\Auric.vsf;Carbon|VCLSTYLE|$(PUBLIC)\Documents\Embarcadero\Studio\14.0\Styles\Carbon.vsf;&quot;Charcoal Dark Slate|VCLSTYLE|$(PUBLIC)\Documents\Embarcadero\Studio\14.0\Styles\CharcoalDarkSlate.vsf&quot;;&quot;Cobalt XEMedia|VCLSTYLE|$(PUBLIC)\Documents\Embarcadero\Studio\14.0\Styles\CobaltXEMedia.vsf&quot;;&quot;Cyan Dusk|VCLSTYLE|$(PUBLIC)\Documents\Embarcadero\Studio\14.0\Styles\CyanDusk.vsf&quot;;&quot;Cyan Night|VCLSTYLE|$(PUBLIC)\Documents\Embarcadero\Studio\14.0\Styles\CyanNight.vsf&quot;;&quot;Emerald Light Slate|VCLSTYLE|$(PUBLIC)\Documents\Embarcadero\Studio\14.0\Styles\EmeraldLightSlate.vsf&quot;;Glossy|VCLSTYLE|$(PUBLIC)\Documents\Embarcadero\Studio\14.0\Styles\Glossy.vsf;&quot;Golden Graphite|VCLSTYLE|$(PUBLIC)\Documents\Embarcadero\Studio\14.0\Styles\GoldenGraphite.vsf&quot;;&quot;Iceberg Classico|VCLSTYLE|$(PUBLIC)\Documents\Embarcadero\Studio\14.0\Styles\IcebergClassico.vsf&quot;;&quot;Lavender Classico|VCLSTYLE|$(PUBLIC)\Documents\Embarcadero\Studio\14.0\Styles\LavenderClassico.vsf&quot;;Light|VCLSTYLE|$(PUBLIC)\Documents\Embarcadero\Studio\14.0\Styles\Light.vsf;Luna|VCLSTYLE|$(PUBLIC)\Documents\Embarcadero\Studio\14.0\Styles\Luna.vsf;&quot;Metropolis UI Black|VCLSTYLE|$(PUBLIC)\Documents\Embarcadero\Studio\14.0\Styles\MetropolisUIBlack.vsf&quot;;&quot;Metropolis UI Blue|VCLSTYLE|$(PUBLIC)\Documents\Embarcadero\Studio\14.0\Styles\MetropolisUIBlue.vsf&quot;;&quot;Metropolis UI Dark|VCLSTYLE|$(PUBLIC)\Documents\Embarcadero\Studio\14.0\Styles\MetropolisUIDark.vsf&quot;;&quot;Metropolis UI Green|VCLSTYLE|$(PUBLIC)\Documents\Embarcadero\Studio\14.0\Styles\MetropolisUIGreen.vsf&quot;;Obsidian|VCLSTYLE|$(PUBLIC)\Documents\Embarcadero\Studio\14.0\Styles\Obsidian.vsf;&quot;Ruby Graphite|VCLSTYLE|$(PUBLIC)\Documents\Embarcadero\Studio\14.0\Styles\RubyGraphite.vsf&quot;;&quot;Sapphire Kamri|VCLSTYLE|$(PUBLIC)\Documents\Embarcadero\Studio\14.0\Styles\SapphireKamri.vsf&quot;;Silver|VCLSTYLE|$(PUBLIC)\Documents\Embarcadero\Studio\14.0\Styles\Silver.vsf;&quot;Slate Classico|VCLSTYLE|$(PUBLIC)\Documents\Embarcadero\Studio\14.0\Styles\SlateClassico.vsf&quot;;&quot;Smokey Quartz Kamri|VCLSTYLE|$(PUBLIC)\Documents\Embarcadero\Studio\14.0\Styles\SmokeyQuartzKamri.vsf&quot;;TabletDark|VCLSTYLE|$(PUBLIC)\Documents\Embarcadero\Studio\14.0\Styles\TabletDark.vsf;&quot;Turquoise Gray|VCLSTYLE|$(PUBLIC)\Documents\Embarcadero\Studio\14.0\Styles\TurquoiseGray.vsf&quot;</VCL_Custom_Styles>
        <SanitizedProjectName>Mandelbulb3D</SanitizedProjectName>
        <Manifest_File>$(BDS)\bin\default_app.manifest</Manifest_File>
        <Icon_MainIcon>Mandelbulb3D_Icon4.ico</Icon_MainIcon>
        <DCC_IOChecking>false</DCC_IOChecking>
        <DCC_ImageBase>00400000</DCC_ImageBase>
        <VerInfo_Keys>CompanyName=;FileDescription=3D fractal rendering;FileVersion=1.7.9.5;InternalName=;LegalCopyright=;LegalTrademarks=;OriginalFilename=Mandelbulb3D;ProductName=;ProductVersion=;Comments=Freeware</VerInfo_Keys>
        <DCC_UsePackage>vcl;rtl;$(DCC_UsePackage)</DCC_UsePackage>
        <DCC_Namespace>Vcl;Vcl.Imaging;Vcl.Shell;System;Data;Winapi;$(DCC_Namespace)</DCC_Namespace>
        <VerInfo_Build>5</VerInfo_Build>
        <DCC_MaxStackSize>16777216</DCC_MaxStackSize>
        <DCC_N>true</DCC_N>
        <DCC_K>false</DCC_K>
        <DCC_S>false</DCC_S>
        <VerInfo_Locale>1033</VerInfo_Locale>
        <DCC_SymbolReferenceInfo>1</DCC_SymbolReferenceInfo>
        <DCC_F>false</DCC_F>
        <DCC_E>false</DCC_E>
    </PropertyGroup>
    <PropertyGroup Condition="'$(Base_Win32)'!=''">
        <DCC_IOChecking>false</DCC_IOChecking>
        <Icon_MainIcon>Mandelbulb3D_Icon3.ico</Icon_MainIcon>
        <DCC_ImageBase>00400000</DCC_ImageBase>
        <DCC_Namespace>System.Win;$(DCC_Namespace)</DCC_Namespace>
        <VerInfo_Locale>1033</VerInfo_Locale>
        <DCC_UsePackage>vclx;VclSmp;vclshlctrls;$(DCC_UsePackage)</DCC_UsePackage>
        <VerInfo_Keys>CompanyName=;FileDescription=;FileVersion=1.0.0.0;InternalName=;LegalCopyright=;LegalTrademarks=;OriginalFilename=;ProductName=;ProductVersion=1.0.0.0;Comments=</VerInfo_Keys>
        <DCC_MaxStackSize>16777216</DCC_MaxStackSize>
        <DCC_SymbolReferenceInfo>1</DCC_SymbolReferenceInfo>
    </PropertyGroup>
    <PropertyGroup Condition="'$(Cfg_1)'!=''">
        <VerInfo_IncludeVerInfo>true</VerInfo_IncludeVerInfo>
        <VerInfo_MinorVer>7</VerInfo_MinorVer>
        <VerInfo_Release>9</VerInfo_Release>
        <Icon_MainIcon>m3d64.ico</Icon_MainIcon>
        <DCC_AssertionsAtRuntime>false</DCC_AssertionsAtRuntime>
        <DCC_ImportedDataReferences>false</DCC_ImportedDataReferences>
        <DCC_LocalDebugSymbols>false</DCC_LocalDebugSymbols>
        <DCC_DebugInformation>0</DCC_DebugInformation>
        <DCC_SymbolReferenceInfo>0</DCC_SymbolReferenceInfo>
        <DCC_Define>RELEASE;$(DCC_Define)</DCC_Define>
    </PropertyGroup>
    <PropertyGroup Condition="'$(Cfg_1_Win32)'!=''">
        <DCC_UnitSearchPath>D:\DEV\Delphi_Workspace\PaxCompiler\mb3d\Sources;D:\DEV\Delphi_Workspace\PaxCompiler\mb3d\;$(DCC_UnitSearchPath)</DCC_UnitSearchPath>
        <DCC_DcpOutput>D:\DEV\Delphi_Workspace\Mandel3D\</DCC_DcpOutput>
        <DCC_Define>USE_PAX_COMPILER;PARAMS_PER_THREAD;JIT_FORMULA_PREPROCESSING;DEBUG_MESHEXP;$(DCC_Define)</DCC_Define>
        <VerInfo_MinorVer>9</VerInfo_MinorVer>
        <DCC_Inlining>off</DCC_Inlining>
        <DCC_LocalDebugSymbols>true</DCC_LocalDebugSymbols>
        <DCC_DebugInformation>true</DCC_DebugInformation>
        <DCC_MinStackSize>1048576</DCC_MinStackSize>
        <BRCC_OutputDir>D:\DEV\Delphi_Workspace\Mandel3D\</BRCC_OutputDir>
        <VerInfo_Build>28</VerInfo_Build>
        <VerInfo_Keys>CompanyName=;FileDescription=3d fractal rendering;FileVersion=1.9.9.28;InternalName=;LegalCopyright=;LegalTrademarks=;OriginalFilename=;ProductName=;ProductVersion=1.9.9.28;Comments=</VerInfo_Keys>
    </PropertyGroup>
    <PropertyGroup Condition="'$(Cfg_2)'!=''">
        <DCC_RunTimeTypeInfo>true</DCC_RunTimeTypeInfo>
        <DCC_SymbolReferenceInfo>2</DCC_SymbolReferenceInfo>
        <DCC_Define>DEBUG;$(DCC_Define)</DCC_Define>
        <DCC_Optimize>false</DCC_Optimize>
    </PropertyGroup>
    <PropertyGroup Condition="'$(Cfg_2_Win32)'!=''">
        <DCC_IOChecking>true</DCC_IOChecking>
        <DCC_IntegerOverflowCheck>true</DCC_IntegerOverflowCheck>
        <DCC_RangeChecking>true</DCC_RangeChecking>
        <DCC_GenerateStackFrames>false</DCC_GenerateStackFrames>
        <DCC_DebugDCUs>true</DCC_DebugDCUs>
        <VerInfo_Build>3</VerInfo_Build>
        <VerInfo_IncludeVerInfo>true</VerInfo_IncludeVerInfo>
        <VerInfo_MinorVer>7</VerInfo_MinorVer>
        <VerInfo_Release>9</VerInfo_Release>
        <Icon_MainIcon>m3d64.ico</Icon_MainIcon>
        <VerInfo_Keys>CompanyName=;FileDescription=3d fractal rendering;FileVersion=1.7.9.5;InternalName=;LegalCopyright=;LegalTrademarks=;OriginalFilename=;ProductName=;ProductVersion=1.0.0.0;Comments=</VerInfo_Keys>
        <DCC_Optimize>true</DCC_Optimize>
    </PropertyGroup>
    <Import Condition="'$(Base)'!='' And Exists('release.optset')" Project="release.optset"/>
    <ItemGroup>
        <DelphiCompile Include="$(MainSource)">
            <MainSource>MainSource</MainSource>
        </DelphiCompile>
        <DCCReference Include="Mand.pas">
            <Form>Mand3DForm</Form>
        </DCCReference>
        <DCCReference Include="LightAdjust.pas">
            <Form>LightAdjustForm</Form>
        </DCCReference>
        <DCCReference Include="CalcThread.pas"/>
        <DCCReference Include="AmbShadowCalcThreadN.pas"/>
        <DCCReference Include="DivUtils.pas"/>
        <DCCReference Include="formulas.pas"/>
        <DCCReference Include="PaintThread.pas"/>
        <DCCReference Include="FileHandling.pas"/>
        <DCCReference Include="ImageProcess.pas"/>
        <DCCReference Include="Navigator.pas">
            <Form>FNavigator</Form>
        </DCCReference>
        <DCCReference Include="NaviCalcThread.pas"/>
        <DCCReference Include="Math3D.pas"/>
        <DCCReference Include="CalcThread2D.pas"/>
        <DCCReference Include="CustomFormulas.pas"/>
        <DCCReference Include="Animation.pas">
            <Form>AnimationForm</Form>
        </DCCReference>
        <DCCReference Include="Calc.pas"/>
        <DCCReference Include="AniPreviewWindow.pas">
            <Form>AniPreviewForm</Form>
        </DCCReference>
        <DCCReference Include="HeaderTrafos.pas"/>
        <DCCReference Include="TypeDefinitions.pas"/>
        <DCCReference Include="AniProcess.pas">
            <Form>AniProcessForm</Form>
        </DCCReference>
        <DCCReference Include="maps\MapSequencesGUI.pas">
            <Form>MapSequencesFrm</Form>
        </DCCReference>
        <DCCReference Include="formula\FormulaGUI.pas">
            <Form>FormulaGUIForm</Form>
        </DCCReference>
        <DCCReference Include="DOF.pas"/>
        <DCCReference Include="ColorPick.pas">
            <Form>ColorForm</Form>
        </DCCReference>
        <DCCReference Include="Paint.pas"/>
        <DCCReference Include="CalcAmbShadowDE.pas"/>
        <DCCReference Include="Interpolation.pas"/>
        <DCCReference Include="CalcHardShadow.pas"/>
        <DCCReference Include="AmbHiQ.pas"/>
        <DCCReference Include="BatchForm.pas">
            <Form>BatchForm1</Form>
        </DCCReference>
        <DCCReference Include="Undo.pas"/>
        <DCCReference Include="CalcSR.pas"/>
        <DCCReference Include="CalcPart.pas"/>
        <DCCReference Include="bulbtracer2\BulbTracer2UI.pas">
            <Form>BulbTracer2Frm</Form>
        </DCCReference>
        <DCCReference Include="CalcVoxelSliceThread.pas"/>
        <DCCReference Include="calcBlocky.pas"/>
        <DCCReference Include="FormulaParser.pas">
            <Form>FormulaEditor</Form>
        </DCCReference>
        <DCCReference Include="CalcMonteCarlo.pas"/>
        <DCCReference Include="Tiling.pas">
            <Form>TilingForm</Form>
        </DCCReference>
        <DCCReference Include="MonteCarloForm.pas">
            <Form>MCForm</Form>
        </DCCReference>
        <DCCReference Include="TextBox.pas">
            <Form>FTextBox</Form>
        </DCCReference>
        <DCCReference Include="BRInfoWindow.pas">
            <Form>BRInfoForm</Form>
        </DCCReference>
        <DCCReference Include="FFT.pas"/>
        <DCCReference Include="RegisterM3Pgraphic.pas"/>
        <DCCReference Include="ColorSSAO.pas"/>
        <DCCReference Include="ThreadUtils.pas"/>
        <DCCReference Include="maps\Maps.pas"/>
        <DCCReference Include="script\ScriptUI.pas">
            <Form>ScriptEditorForm</Form>
        </DCCReference>
        <DCCReference Include="ColorOptionForm.pas">
            <Form>FColorOptions</Form>
        </DCCReference>
        <DCCReference Include="uMapCalcWindow.pas">
            <Form>MapCalcWindow</Form>
        </DCCReference>
        <DCCReference Include="script\ScriptCompiler.pas"/>
        <DCCReference Include="render\PreviewRenderer.pas"/>
        <DCCReference Include="facade\MB3DFacade.pas"/>
        <DCCReference Include="mutagen\MutaGenGUI.pas">
            <Form>MutaGenFrm</Form>
        </DCCReference>
        <DCCReference Include="mutagen\MutaGen.pas"/>
        <DCCReference Include="formula\FormulaNames.pas"/>
        <DCCReference Include="maps\MapSequences.pas"/>
        <DCCReference Include="prefs\IniDirsForm.pas">
            <Form>IniDirForm</Form>
        </DCCReference>
        <DCCReference Include="prefs\VisualThemesGUI.pas">
            <Form>VisualThemesFrm</Form>
        </DCCReference>
        <DCCReference Include="formula\JITFormulaEditGUI.pas">
            <Form>JITFormulaEditorForm</Form>
        </DCCReference>
        <DCCReference Include="formula\JITFormulas.pas"/>
        <DCCReference Include="formula\ParamValueEditGUI.pas">
            <Form>ParamValueEditFrm</Form>
        </DCCReference>
        <DCCReference Include="VoxelExport.pas">
            <Form>FVoxelExport</Form>
        </DCCReference>
        <DCCReference Include="bulbtracer2\VectorMath.pas"/>
        <DCCReference Include="bulbtracer2\BulbTracer2.pas"/>
        <DCCReference Include="bulbtracer2\ObjectScanner2.pas"/>
        <DCCReference Include="bulbtracer2\BulbTracer2Config.pas"/>
        <DCCReference Include="opengl\opengl12.pas"/>
        <DCCReference Include="opengl\MeshPreview.pas"/>
        <DCCReference Include="bulbtracer2\BulbTracerUITools.pas"/>
        <DCCReference Include="bulbtracer2\MeshReader.pas"/>
        <DCCReference Include="bulbtracer2\MeshIOUtil.pas"/>
        <DCCReference Include="opengl\ShaderUtil.pas"/>
        <DCCReference Include="opengl\dglOpenGL.pas"/>
        <DCCReference Include="opengl\MeshPreviewUI.pas">
            <Form>MeshPreviewFrm</Form>
        </DCCReference>
        <DCCReference Include="opengl\OpenGLPreviewUtil.pas"/>
        <DCCReference Include="heightmapgen\HeightMapGenPreview.pas"/>
        <DCCReference Include="heightmapgen\HeightMapGenUI.pas">
            <Form>HeightMapGenFrm</Form>
        </DCCReference>
        <DCCReference Include="heightmapgen\PNMWriter.pas"/>
        <DCCReference Include="PostProcessForm.pas">
            <Form>PostProForm</Form>
        </DCCReference>
        <DCCReference Include="heightmapgen\PNMReader.pas"/>
        <DCCReference Include="script\CompilerUtil.pas"/>
        <DCCReference Include="formula\FormulaCompiler.pas"/>
        <DCCReference Include="bulbtracer2\VertexList.pas"/>
        <DCCReference Include="bulbtracer2\MeshWriter.pas"/>
        <DCCReference Include="zbuf16bit\ZBuf16BitGenUI.pas">
            <Form>ZBuf16BitGenFrm</Form>
        </DCCReference>
        <DCCReference Include="zbuf16bit\ZBuf16BitGen.pas"/>
        <None Include="CHANGES.txt"/>
        <None Include=".gitignore"/>
        <BuildConfiguration Include="Debug">
            <Key>Cfg_2</Key>
            <CfgParent>Base</CfgParent>
        </BuildConfiguration>
        <BuildConfiguration Include="Base">
            <Key>Base</Key>
        </BuildConfiguration>
        <BuildConfiguration Include="Release">
            <Key>Cfg_1</Key>
            <CfgParent>Base</CfgParent>
        </BuildConfiguration>
    </ItemGroup>
    <ProjectExtensions>
        <Borland.Personality>Delphi.Personality.12</Borland.Personality>
        <Borland.ProjectType/>
        <BorlandProject>
            <Delphi.Personality>
                <Source>
                    <Source Name="MainSource">Mandelbulb3D.dpr</Source>
                </Source>
                <VersionInfo>
                    <VersionInfo Name="IncludeVerInfo">True</VersionInfo>
                    <VersionInfo Name="AutoIncBuild">False</VersionInfo>
                    <VersionInfo Name="MajorVer">1</VersionInfo>
                    <VersionInfo Name="MinorVer">7</VersionInfo>
                    <VersionInfo Name="Release">9</VersionInfo>
                    <VersionInfo Name="Build">5</VersionInfo>
                    <VersionInfo Name="Debug">False</VersionInfo>
                    <VersionInfo Name="PreRelease">False</VersionInfo>
                    <VersionInfo Name="Special">False</VersionInfo>
                    <VersionInfo Name="Private">False</VersionInfo>
                    <VersionInfo Name="DLL">False</VersionInfo>
                    <VersionInfo Name="Locale">1031</VersionInfo>
                    <VersionInfo Name="CodePage">1252</VersionInfo>
                </VersionInfo>
                <VersionInfoKeys>
                    <VersionInfoKeys Name="CompanyName"/>
                    <VersionInfoKeys Name="FileDescription">3D fractal rendering</VersionInfoKeys>
                    <VersionInfoKeys Name="FileVersion">1.7.9.5</VersionInfoKeys>
                    <VersionInfoKeys Name="InternalName"/>
                    <VersionInfoKeys Name="LegalCopyright"/>
                    <VersionInfoKeys Name="LegalTrademarks"/>
                    <VersionInfoKeys Name="OriginalFilename">Mandelbulb3D</VersionInfoKeys>
                    <VersionInfoKeys Name="ProductName"/>
                    <VersionInfoKeys Name="ProductVersion">1.0.0.0</VersionInfoKeys>
                    <VersionInfoKeys Name="Comments">Freeware</VersionInfoKeys>
                </VersionInfoKeys>
                <Excluded_Packages>
                    <Excluded_Packages Name="$(BDSBIN)\DataExplorerDBXPluginEnt200.bpl">DBExpress Enterprise Data Explorer Integration</Excluded_Packages>
                    <Excluded_Packages Name="$(BDSBIN)\dclfmxstd200.bpl">Embarcadero FMX Standard Components</Excluded_Packages>
                    <Excluded_Packages Name="$(BDSBIN)\dcloffice2k200.bpl">Microsoft Office 2000 Sample Automation Server Wrapper Components</Excluded_Packages>
                    <Excluded_Packages Name="$(BDSBIN)\dclofficexp200.bpl">Microsoft Office XP Sample Automation Server Wrapper Components</Excluded_Packages>
                    <Excluded_Packages Name="$(BDS)\Bpl\JclBaseExpert200.bpl">JCL Package containing common units for JCL Experts</Excluded_Packages>
                    <Excluded_Packages Name="$(BDS)\Bpl\JclDebugExpert200.bpl">JCL Debug IDE extension</Excluded_Packages>
                    <Excluded_Packages Name="$(BDS)\Bpl\JclProjectAnalysisExpert200.bpl">JCL Project Analyzer</Excluded_Packages>
                    <Excluded_Packages Name="$(BDS)\Bpl\JclFavoriteFoldersExpert200.bpl">JCL Open and Save IDE dialogs with favorite folders</Excluded_Packages>
                    <Excluded_Packages Name="$(BDS)\Bpl\JclRepositoryExpert200.bpl">JCL Package containing repository wizards</Excluded_Packages>
                    <Excluded_Packages Name="$(BDS)\Bpl\JclSIMDViewExpert200.bpl">JCL Debug Window of XMM registers</Excluded_Packages>
                    <Excluded_Packages Name="$(BDS)\Bpl\JclStackTraceViewerExpert200.bpl">JCL Stack Trace Viewer</Excluded_Packages>
                </Excluded_Packages>
            </Delphi.Personality>
            <Platforms>
                <Platform value="Win32">True</Platform>
            </Platforms>
            <Deployment>
                <DeployFile LocalName="Mandelbulb3D.exe" Configuration="Release" Class="ProjectOutput">
                    <Platform Name="Win32">
                        <RemoteName>Mandelbulb3D.exe</RemoteName>
                        <Overwrite>true</Overwrite>
                    </Platform>
                </DeployFile>
                <DeployClass Required="true" Name="DependencyPackage">
                    <Platform Name="iOSDevice">
                        <Operation>1</Operation>
                        <Extensions>.dylib</Extensions>
                    </Platform>
                    <Platform Name="Win32">
                        <Operation>0</Operation>
                        <Extensions>.bpl</Extensions>
                    </Platform>
                    <Platform Name="OSX32">
                        <RemoteDir>Contents\MacOS</RemoteDir>
                        <Operation>1</Operation>
                        <Extensions>.dylib</Extensions>
                    </Platform>
                    <Platform Name="iOSSimulator">
                        <Operation>1</Operation>
                        <Extensions>.dylib</Extensions>
                    </Platform>
                </DeployClass>
                <DeployClass Name="DependencyModule">
                    <Platform Name="iOSDevice">
                        <Operation>1</Operation>
                        <Extensions>.dylib</Extensions>
                    </Platform>
                    <Platform Name="Win32">
                        <Operation>0</Operation>
                        <Extensions>.dll;.bpl</Extensions>
                    </Platform>
                    <Platform Name="OSX32">
                        <RemoteDir>Contents\MacOS</RemoteDir>
                        <Operation>1</Operation>
                        <Extensions>.dylib</Extensions>
                    </Platform>
                    <Platform Name="iOSSimulator">
                        <Operation>1</Operation>
                        <Extensions>.dylib</Extensions>
                    </Platform>
                </DeployClass>
                <DeployClass Name="iPad_Launch2048">
                    <Platform Name="iOSDevice">
                        <Operation>1</Operation>
                    </Platform>
                    <Platform Name="iOSSimulator">
                        <Operation>1</Operation>
                    </Platform>
                </DeployClass>
                <DeployClass Name="ProjectOSXInfoPList">
                    <Platform Name="OSX32">
                        <RemoteDir>Contents</RemoteDir>
                        <Operation>1</Operation>
                    </Platform>
                </DeployClass>
                <DeployClass Name="ProjectiOSDeviceDebug">
                    <Platform Name="iOSDevice">
                        <RemoteDir>..\$(PROJECTNAME).app.dSYM\Contents\Resources\DWARF</RemoteDir>
                        <Operation>1</Operation>
                    </Platform>
                </DeployClass>
                <DeployClass Name="AndroidLibnativeMipsFile">
                    <Platform Name="Android">
                        <RemoteDir>library\lib\mips</RemoteDir>
                        <Operation>1</Operation>
                    </Platform>
                </DeployClass>
                <DeployClass Name="AndroidLibnativeX86File">
                    <Platform Name="Android">
                        <RemoteDir>library\lib\x86</RemoteDir>
                        <Operation>1</Operation>
                    </Platform>
                </DeployClass>
                <DeployClass Name="ProjectiOSResource">
                    <Platform Name="iOSDevice">
                        <Operation>1</Operation>
                    </Platform>
                    <Platform Name="iOSSimulator">
                        <Operation>1</Operation>
                    </Platform>
                </DeployClass>
                <DeployClass Name="ProjectOSXEntitlements">
                    <Platform Name="OSX32">
                        <RemoteDir>Contents</RemoteDir>
                        <Operation>1</Operation>
                    </Platform>
                </DeployClass>
                <DeployClass Name="AndroidGDBServer">
                    <Platform Name="Android">
                        <RemoteDir>library\lib\armeabi-v7a</RemoteDir>
                        <Operation>1</Operation>
                    </Platform>
                </DeployClass>
                <DeployClass Name="iPhone_Launch640">
                    <Platform Name="iOSDevice">
                        <Operation>1</Operation>
                    </Platform>
                    <Platform Name="iOSSimulator">
                        <Operation>1</Operation>
                    </Platform>
                </DeployClass>
                <DeployClass Name="Android_LauncherIcon96">
                    <Platform Name="Android">
                        <RemoteDir>res\drawable-xhdpi</RemoteDir>
                        <Operation>1</Operation>
                    </Platform>
                </DeployClass>
                <DeployClass Name="iPhone_Launch320">
                    <Platform Name="iOSDevice">
                        <Operation>1</Operation>
                    </Platform>
                    <Platform Name="iOSSimulator">
                        <Operation>1</Operation>
                    </Platform>
                </DeployClass>
                <DeployClass Name="Android_LauncherIcon144">
                    <Platform Name="Android">
                        <RemoteDir>res\drawable-xxhdpi</RemoteDir>
                        <Operation>1</Operation>
                    </Platform>
                </DeployClass>
                <DeployClass Name="DebugSymbols">
                    <Platform Name="OSX32">
                        <RemoteDir>Contents\MacOS</RemoteDir>
                        <Operation>1</Operation>
                    </Platform>
                    <Platform Name="iOSSimulator">
                        <Operation>1</Operation>
                    </Platform>
                    <Platform Name="Win32">
                        <Operation>0</Operation>
                    </Platform>
                </DeployClass>
                <DeployClass Name="DependencyFramework">
                    <Platform Name="OSX32">
                        <RemoteDir>Contents\MacOS</RemoteDir>
                        <Operation>1</Operation>
                        <Extensions>.framework</Extensions>
                    </Platform>
                    <Platform Name="Win32">
                        <Operation>0</Operation>
                    </Platform>
                </DeployClass>
                <DeployClass Name="ProjectiOSEntitlements">
                    <Platform Name="iOSDevice">
                        <Operation>1</Operation>
                    </Platform>
                </DeployClass>
                <DeployClass Name="AdditionalDebugSymbols">
                    <Platform Name="OSX32">
                        <RemoteDir>Contents\MacOS</RemoteDir>
                        <Operation>1</Operation>
                    </Platform>
                    <Platform Name="iOSSimulator">
                        <Operation>1</Operation>
                    </Platform>
                    <Platform Name="Win32">
                        <RemoteDir>Contents\MacOS</RemoteDir>
                        <Operation>0</Operation>
                    </Platform>
                </DeployClass>
                <DeployClass Name="AndroidClassesDexFile">
                    <Platform Name="Android">
                        <RemoteDir>classes</RemoteDir>
                        <Operation>1</Operation>
                    </Platform>
                </DeployClass>
                <DeployClass Name="ProjectiOSDeviceInfoPList">
                    <Platform Name="iOSDevice">
                        <Operation>1</Operation>
                    </Platform>
                </DeployClass>
                <DeployClass Name="iPad_Launch1024">
                    <Platform Name="iOSDevice">
                        <Operation>1</Operation>
                    </Platform>
                    <Platform Name="iOSSimulator">
                        <Operation>1</Operation>
                    </Platform>
                </DeployClass>
                <DeployClass Name="ProjectiOSSimulatorInfoPList">
                    <Platform Name="iOSSimulator">
                        <Operation>1</Operation>
                    </Platform>
                </DeployClass>
                <DeployClass Name="Android_DefaultAppIcon">
                    <Platform Name="Android">
                        <RemoteDir>res\drawable</RemoteDir>
                        <Operation>1</Operation>
                    </Platform>
                </DeployClass>
                <DeployClass Name="ProjectOSXResource">
                    <Platform Name="OSX32">
                        <RemoteDir>Contents\Resources</RemoteDir>
                        <Operation>1</Operation>
                    </Platform>
                </DeployClass>
                <DeployClass Name="ProjectiOSDeviceResourceRules">
                    <Platform Name="iOSDevice">
                        <Operation>1</Operation>
                    </Platform>
                </DeployClass>
                <DeployClass Name="iPad_Launch768">
                    <Platform Name="iOSDevice">
                        <Operation>1</Operation>
                    </Platform>
                    <Platform Name="iOSSimulator">
                        <Operation>1</Operation>
                    </Platform>
                </DeployClass>
                <DeployClass Required="true" Name="ProjectOutput">
                    <Platform Name="iOSDevice">
                        <Operation>1</Operation>
                    </Platform>
                    <Platform Name="Android">
                        <RemoteDir>library\lib\armeabi-v7a</RemoteDir>
                        <Operation>1</Operation>
                    </Platform>
                    <Platform Name="Win32">
                        <Operation>0</Operation>
                    </Platform>
                    <Platform Name="OSX32">
                        <RemoteDir>Contents\MacOS</RemoteDir>
                        <Operation>1</Operation>
                    </Platform>
                    <Platform Name="iOSSimulator">
                        <Operation>1</Operation>
                    </Platform>
                </DeployClass>
                <DeployClass Name="AndroidLibnativeArmeabiFile">
                    <Platform Name="Android">
                        <RemoteDir>library\lib\armeabi</RemoteDir>
                        <Operation>1</Operation>
                    </Platform>
                </DeployClass>
                <DeployClass Name="File">
                    <Platform Name="iOSDevice">
                        <Operation>0</Operation>
                    </Platform>
                    <Platform Name="Android">
                        <Operation>0</Operation>
                    </Platform>
                    <Platform Name="Win32">
                        <Operation>0</Operation>
                    </Platform>
                    <Platform Name="OSX32">
                        <RemoteDir>Contents\MacOS</RemoteDir>
                        <Operation>0</Operation>
                    </Platform>
                    <Platform Name="iOSSimulator">
                        <Operation>0</Operation>
                    </Platform>
                </DeployClass>
                <DeployClass Name="iPhone_Launch640x1136">
                    <Platform Name="iOSDevice">
                        <Operation>1</Operation>
                    </Platform>
                    <Platform Name="iOSSimulator">
                        <Operation>1</Operation>
                    </Platform>
                </DeployClass>
                <DeployClass Name="Android_LauncherIcon36">
                    <Platform Name="Android">
                        <RemoteDir>res\drawable-ldpi</RemoteDir>
                        <Operation>1</Operation>
                    </Platform>
                </DeployClass>
                <DeployClass Name="iPad_Launch1536">
                    <Platform Name="iOSDevice">
                        <Operation>1</Operation>
                    </Platform>
                    <Platform Name="iOSSimulator">
                        <Operation>1</Operation>
                    </Platform>
                </DeployClass>
                <DeployClass Name="Android_LauncherIcon48">
                    <Platform Name="Android">
                        <RemoteDir>res\drawable-mdpi</RemoteDir>
                        <Operation>1</Operation>
                    </Platform>
                </DeployClass>
                <DeployClass Name="Android_LauncherIcon72">
                    <Platform Name="Android">
                        <RemoteDir>res\drawable-hdpi</RemoteDir>
                        <Operation>1</Operation>
                    </Platform>
                </DeployClass>
                <DeployClass Name="ProjectAndroidManifest">
                    <Platform Name="Android">
                        <Operation>1</Operation>
                    </Platform>
                </DeployClass>
                <ProjectRoot Platform="Android" Name="$(PROJECTNAME)"/>
                <ProjectRoot Platform="iOSDevice" Name="$(PROJECTNAME).app"/>
                <ProjectRoot Platform="Win32" Name="$(PROJECTNAME)"/>
                <ProjectRoot Platform="OSX32" Name="$(PROJECTNAME).app"/>
                <ProjectRoot Platform="iOSSimulator" Name="$(PROJECTNAME).app"/>
                <ProjectRoot Platform="Win64" Name="$(PROJECTNAME)"/>
            </Deployment>
        </BorlandProject>
        <ProjectFileVersion>12</ProjectFileVersion>
    </ProjectExtensions>
    <Import Condition="Exists('$(BDS)\Bin\CodeGear.Delphi.Targets')" Project="$(BDS)\Bin\CodeGear.Delphi.Targets"/>
    <Import Condition="Exists('$(APPDATA)\Embarcadero\$(BDSAPPDATABASEDIR)\$(PRODUCTVERSION)\UserTools.proj')" Project="$(APPDATA)\Embarcadero\$(BDSAPPDATABASEDIR)\$(PRODUCTVERSION)\UserTools.proj"/>
    <Import Project="$(MSBuildProjectName).deployproj" Condition="Exists('$(MSBuildProjectName).deployproj')"/>
</Project>
